# THIS IS AN AUTOGENERATED FILE. DO NOT EDIT THIS FILE DIRECTLY.
# yarn lockfile v1
compilify@~0.1.0:
  version "0.1.0"
  resolved "https://registry.yarnpkg.com/compilify/-/compilify-0.1.0.tgz#9d48393635eae142502095ae7cfcd9dea4c33db7"
  dependencies:
    through "~2.3.4"

ractivate@~0.2.0:
  version "0.2.0"
  resolved "https://registry.yarnpkg.com/ractivate/-/ractivate-0.2.0.tgz#b8f8b36a3f82606f4a2dfa8162303789738d6c1c"
  dependencies:
    compilify "~0.1.0"
    ractive "0.x"

ractive@0.6.1:
  version "0.6.1"
  resolved "https://registry.yarnpkg.com/ractive/-/ractive-0.6.1.tgz#29fcd1389fc6116258bddc2ae71e71f5adf3e2c8"

ractive@0.x:
  version "0.8.3"
  resolved "https://registry.yarnpkg.com/ractive/-/ractive-0.8.3.tgz#26b52231e045d229d2c3d750dbbe2b0a448e16b0"

through@~2.3.4:
  version "2.3.8"
  resolved "https://registry.yarnpkg.com/through/-/through-2.3.8.tgz#0dd4c9ffaabc357960b1b724115d7e0e86a2e1f5"

